
Microsoft Visual Studio Solution File, Format Version 12.00
# Visual Studio Version 17
VisualStudioVersion = 17.2.32616.157
MinimumVisualStudioVersion = 10.0.40219.1
Project("{FAE04EC0-301F-11D3-BF4B-00C04F79EFBC}") = "IPSAInventario", "IPSAInventario\IPSAInventario.csproj", "{F2A0F401-9ACE-4C20-A653-ED757130DADC}"
EndProject
Global
	GlobalSection(SolutionConfigurationPlatforms) = preSolution
		Debug|Any CPU = Debug|Any CPU
		Release|Any CPU = Release|Any CPU
	EndGlobalSection
	GlobalSection(ProjectConfigurationPlatforms) = postSolution
		{F2A0F401-9ACE-4C20-A653-ED757130DADC}.Debug|Any CPU.ActiveCfg = Debug|Any CPU
		{F2A0F401-9ACE-4C20-A653-ED757130DADC}.Debug|Any CPU.Build.0 = Debug|Any CPU
		{F2A0F401-9ACE-4C20-A653-ED757130DADC}.Release|Any CPU.ActiveCfg = Release|Any CPU
		{F2A0F401-9ACE-4C20-A653-ED757130DADC}.Release|Any CPU.Build.0 = Release|Any CPU
	EndGlobalSection
	GlobalSection(SolutionProperties) = preSolution
		HideSolutionNode = FALSE
	EndGlobalSection
	GlobalSection(ExtensibilityGlobals) = postSolution
		SolutionGuid = {49F9AC6A-64D0-474C-AC39-05F2DF2B7B15}
	EndGlobalSection
EndGlobal
